
Microsoft Visual Studio Solution File, Format Version 12.00
# Visual Studio Version 17
VisualStudioVersion = 17.6.33829.357
MinimumVisualStudioVersion = 10.0.40219.1
Project("{FAE04EC0-301F-11D3-BF4B-00C04F79EFBC}") = "Rich-store.Core", "Rich-store.Core\Rich-store.Core.csproj", "{E3BF8AC8-E8E7-4C9B-A8B9-4AA5D7F228FF}"
EndProject
Project("{FAE04EC0-301F-11D3-BF4B-00C04F79EFBC}") = "Rich-store.DataAccess.InMemory", "..\Rich-store.DataAccess.InMemory\Rich-store.DataAccess.InMemory.csproj", "{C8F38DE3-CA55-4747-A3D1-EA8BB53C47F4}"
EndProject
Project("{FAE04EC0-301F-11D3-BF4B-00C04F79EFBC}") = "Rich-store.DataAccess.SQL", "..\Rich-store.DataAccess.SQL\Rich-store.DataAccess.SQL.csproj", "{74CCFF0C-C73A-49C4-ADF9-248046F64C6D}"
EndProject
Project("{FAE04EC0-301F-11D3-BF4B-00C04F79EFBC}") = "Rich-store.Service", "..\Rich-store.Service\Rich-store.Service.csproj", "{1E2AD7CD-366C-47FE-9C8B-3C8EB942141B}"
EndProject
Project("{FAE04EC0-301F-11D3-BF4B-00C04F79EFBC}") = "Rich-store.UI", "..\Rich-store.UI\Rich-store.UI.csproj", "{B50B75C0-486A-45BC-A75E-A274955A6130}"
EndProject
Project("{FAE04EC0-301F-11D3-BF4B-00C04F79EFBC}") = "Rich-store.UI.Tests", "Rich-store.UI.Tests\Rich-store.UI.Tests.csproj", "{D88BC886-3C0A-41CB-BB98-8F93EDEB81B1}"
EndProject
Global
	GlobalSection(SolutionConfigurationPlatforms) = preSolution
		Debug|Any CPU = Debug|Any CPU
		Release|Any CPU = Release|Any CPU
	EndGlobalSection
	GlobalSection(ProjectConfigurationPlatforms) = postSolution
		{E3BF8AC8-E8E7-4C9B-A8B9-4AA5D7F228FF}.Debug|Any CPU.ActiveCfg = Debug|Any CPU
		{E3BF8AC8-E8E7-4C9B-A8B9-4AA5D7F228FF}.Debug|Any CPU.Build.0 = Debug|Any CPU
		{E3BF8AC8-E8E7-4C9B-A8B9-4AA5D7F228FF}.Release|Any CPU.ActiveCfg = Release|Any CPU
		{E3BF8AC8-E8E7-4C9B-A8B9-4AA5D7F228FF}.Release|Any CPU.Build.0 = Release|Any CPU
		{C8F38DE3-CA55-4747-A3D1-EA8BB53C47F4}.Debug|Any CPU.ActiveCfg = Debug|Any CPU
		{C8F38DE3-CA55-4747-A3D1-EA8BB53C47F4}.Debug|Any CPU.Build.0 = Debug|Any CPU
		{C8F38DE3-CA55-4747-A3D1-EA8BB53C47F4}.Release|Any CPU.ActiveCfg = Release|Any CPU
		{C8F38DE3-CA55-4747-A3D1-EA8BB53C47F4}.Release|Any CPU.Build.0 = Release|Any CPU
		{74CCFF0C-C73A-49C4-ADF9-248046F64C6D}.Debug|Any CPU.ActiveCfg = Debug|Any CPU
		{74CCFF0C-C73A-49C4-ADF9-248046F64C6D}.Debug|Any CPU.Build.0 = Debug|Any CPU
		{74CCFF0C-C73A-49C4-ADF9-248046F64C6D}.Release|Any CPU.ActiveCfg = Release|Any CPU
		{74CCFF0C-C73A-49C4-ADF9-248046F64C6D}.Release|Any CPU.Build.0 = Release|Any CPU
		{1E2AD7CD-366C-47FE-9C8B-3C8EB942141B}.Debug|Any CPU.ActiveCfg = Debug|Any CPU
		{1E2AD7CD-366C-47FE-9C8B-3C8EB942141B}.Debug|Any CPU.Build.0 = Debug|Any CPU
		{1E2AD7CD-366C-47FE-9C8B-3C8EB942141B}.Release|Any CPU.ActiveCfg = Release|Any CPU
		{1E2AD7CD-366C-47FE-9C8B-3C8EB942141B}.Release|Any CPU.Build.0 = Release|Any CPU
		{B50B75C0-486A-45BC-A75E-A274955A6130}.Debug|Any CPU.ActiveCfg = Debug|Any CPU
		{B50B75C0-486A-45BC-A75E-A274955A6130}.Debug|Any CPU.Build.0 = Debug|Any CPU
		{B50B75C0-486A-45BC-A75E-A274955A6130}.Release|Any CPU.ActiveCfg = Release|Any CPU
		{B50B75C0-486A-45BC-A75E-A274955A6130}.Release|Any CPU.Build.0 = Release|Any CPU
		{D88BC886-3C0A-41CB-BB98-8F93EDEB81B1}.Debug|Any CPU.ActiveCfg = Debug|Any CPU
		{D88BC886-3C0A-41CB-BB98-8F93EDEB81B1}.Debug|Any CPU.Build.0 = Debug|Any CPU
		{D88BC886-3C0A-41CB-BB98-8F93EDEB81B1}.Release|Any CPU.ActiveCfg = Release|Any CPU
		{D88BC886-3C0A-41CB-BB98-8F93EDEB81B1}.Release|Any CPU.Build.0 = Release|Any CPU
	EndGlobalSection
	GlobalSection(SolutionProperties) = preSolution
		HideSolutionNode = FALSE
	EndGlobalSection
	GlobalSection(ExtensibilityGlobals) = postSolution
		SolutionGuid = {48EC9937-460B-4B4F-A734-7641609CAE81}
	EndGlobalSection
EndGlobal
